
Microsoft Visual Studio Solution File, Format Version 12.00
# Visual Studio Version 17
VisualStudioVersion = 17.12.35707.178
MinimumVisualStudioVersion = 10.0.40219.1
Project("{FAE04EC0-301F-11D3-BF4B-00C04F79EFBC}") = "Wpf2.10v4", "Wpf2.10v4.csproj", "{C997613F-71FD-4C0B-BB17-E89461012073}"
EndProject
Project("{FAE04EC0-301F-11D3-BF4B-00C04F79EFBC}") = "Wpf21011", "..\Wpf21011\Wpf21011.csproj", "{0C34E864-6E5F-4931-B7D7-8B5CD3B830FA}"
EndProject
Global
	GlobalSection(SolutionConfigurationPlatforms) = preSolution
		Debug|Any CPU = Debug|Any CPU
		Release|Any CPU = Release|Any CPU
	EndGlobalSection
	GlobalSection(ProjectConfigurationPlatforms) = postSolution
		{C997613F-71FD-4C0B-BB17-E89461012073}.Debug|Any CPU.ActiveCfg = Debug|Any CPU
		{C997613F-71FD-4C0B-BB17-E89461012073}.Debug|Any CPU.Build.0 = Debug|Any CPU
		{C997613F-71FD-4C0B-BB17-E89461012073}.Release|Any CPU.ActiveCfg = Release|Any CPU
		{C997613F-71FD-4C0B-BB17-E89461012073}.Release|Any CPU.Build.0 = Release|Any CPU
		{0C34E864-6E5F-4931-B7D7-8B5CD3B830FA}.Debug|Any CPU.ActiveCfg = Debug|Any CPU
		{0C34E864-6E5F-4931-B7D7-8B5CD3B830FA}.Debug|Any CPU.Build.0 = Debug|Any CPU
		{0C34E864-6E5F-4931-B7D7-8B5CD3B830FA}.Release|Any CPU.ActiveCfg = Release|Any CPU
		{0C34E864-6E5F-4931-B7D7-8B5CD3B830FA}.Release|Any CPU.Build.0 = Release|Any CPU
	EndGlobalSection
	GlobalSection(SolutionProperties) = preSolution
		HideSolutionNode = FALSE
	EndGlobalSection
EndGlobal
